
Microsoft Visual Studio Solution File, Format Version 12.00
# Visual Studio 2013
VisualStudioVersion = 12.0.30723.0
MinimumVisualStudioVersion = 10.0.40219.1
Project("{FAE04EC0-301F-11D3-BF4B-00C04F79EFBC}") = "KinHarpe", "KinHarpe\KinHarpe.csproj", "{A2B571C2-E9FB-4949-934C-AC3590FCDFDA}"
EndProject
Project("{FAE04EC0-301F-11D3-BF4B-00C04F79EFBC}") = "KinHarpe2", "KinHarpe2\KinHarpe2.csproj", "{C9FFB580-1187-42C7-9B05-142E520E3510}"
EndProject
Global
	GlobalSection(TeamFoundationVersionControl) = preSolution
		SccNumberOfProjects = 3
		SccEnterpriseProvider = {4CA58AB2-18FA-4F8D-95D4-32DDF27D184C}
		SccTeamFoundationServer = https://quidmind.visualstudio.com/defaultcollection
		SccLocalPath0 = .
		SccProjectUniqueName1 = KinHarpe\\KinHarpe.csproj
		SccProjectName1 = KinHarpe
		SccLocalPath1 = KinHarpe
		SccProjectUniqueName2 = KinHarpe2\\KinHarpe2.csproj
		SccProjectName2 = KinHarpe2
		SccLocalPath2 = KinHarpe2
	EndGlobalSection
	GlobalSection(SolutionConfigurationPlatforms) = preSolution
		Debug|Any CPU = Debug|Any CPU
		Debug|Mixed Platforms = Debug|Mixed Platforms
		Debug|x86 = Debug|x86
		Release|Any CPU = Release|Any CPU
		Release|Mixed Platforms = Release|Mixed Platforms
		Release|x86 = Release|x86
	EndGlobalSection
	GlobalSection(ProjectConfigurationPlatforms) = postSolution
		{A2B571C2-E9FB-4949-934C-AC3590FCDFDA}.Debug|Any CPU.ActiveCfg = Debug|x86
		{A2B571C2-E9FB-4949-934C-AC3590FCDFDA}.Debug|Mixed Platforms.ActiveCfg = Debug|x86
		{A2B571C2-E9FB-4949-934C-AC3590FCDFDA}.Debug|x86.ActiveCfg = Debug|x86
		{A2B571C2-E9FB-4949-934C-AC3590FCDFDA}.Debug|x86.Build.0 = Debug|x86
		{A2B571C2-E9FB-4949-934C-AC3590FCDFDA}.Release|Any CPU.ActiveCfg = Release|x86
		{A2B571C2-E9FB-4949-934C-AC3590FCDFDA}.Release|Mixed Platforms.ActiveCfg = Release|x86
		{A2B571C2-E9FB-4949-934C-AC3590FCDFDA}.Release|Mixed Platforms.Build.0 = Release|x86
		{A2B571C2-E9FB-4949-934C-AC3590FCDFDA}.Release|x86.ActiveCfg = Release|x86
		{A2B571C2-E9FB-4949-934C-AC3590FCDFDA}.Release|x86.Build.0 = Release|x86
		{C9FFB580-1187-42C7-9B05-142E520E3510}.Debug|Any CPU.ActiveCfg = Debug|Any CPU
		{C9FFB580-1187-42C7-9B05-142E520E3510}.Debug|Any CPU.Build.0 = Debug|Any CPU
		{C9FFB580-1187-42C7-9B05-142E520E3510}.Debug|Mixed Platforms.ActiveCfg = Debug|Any CPU
		{C9FFB580-1187-42C7-9B05-142E520E3510}.Debug|Mixed Platforms.Build.0 = Debug|Any CPU
		{C9FFB580-1187-42C7-9B05-142E520E3510}.Debug|x86.ActiveCfg = Debug|Any CPU
		{C9FFB580-1187-42C7-9B05-142E520E3510}.Release|Any CPU.ActiveCfg = Release|Any CPU
		{C9FFB580-1187-42C7-9B05-142E520E3510}.Release|Any CPU.Build.0 = Release|Any CPU
		{C9FFB580-1187-42C7-9B05-142E520E3510}.Release|Mixed Platforms.ActiveCfg = Release|Any CPU
		{C9FFB580-1187-42C7-9B05-142E520E3510}.Release|Mixed Platforms.Build.0 = Release|Any CPU
		{C9FFB580-1187-42C7-9B05-142E520E3510}.Release|x86.ActiveCfg = Release|Any CPU
	EndGlobalSection
	GlobalSection(SolutionProperties) = preSolution
		HideSolutionNode = FALSE
	EndGlobalSection
EndGlobal
